{
  "name": "GymApp",
  "lockfileVersion": 3,
  "requires": true,
  "packages": {
    "": {
      "dependencies": {
        "@types/google-one-tap": "^1.2.4"
      }
    },
    "node_modules/@types/google-one-tap": {
      "version": "1.2.4",
      "resolved": "https://registry.npmjs.org/@types/google-one-tap/-/google-one-tap-1.2.4.tgz",
      "integrity": "sha512-MQsnT49Fl5rNGIiaJIhK1pWnOfV+5+ns1a8ptO09TK+SpwvyRnlCQVwIFAbn8hIDD3TKlupLrTKOxcWXENIOkQ=="
    }
  }
}
