
Microsoft Visual Studio Solution File, Format Version 12.00
# Visual Studio Version 17
VisualStudioVersion = 17.5.002.0
MinimumVisualStudioVersion = 10.0.40219.1
Project("{9A19103F-16F7-4668-BE54-9A1E7A4F7556}") = "WebApi", "WebApi.csproj", "{6148812F-90EC-4B12-8E84-E8BF0FF33480}"
EndProject
Global
	GlobalSection(SolutionConfigurationPlatforms) = preSolution
		Debug|Any CPU = Debug|Any CPU
		Release|Any CPU = Release|Any CPU
	EndGlobalSection
	GlobalSection(ProjectConfigurationPlatforms) = postSolution
		{6148812F-90EC-4B12-8E84-E8BF0FF33480}.Debug|Any CPU.ActiveCfg = Debug|Any CPU
		{6148812F-90EC-4B12-8E84-E8BF0FF33480}.Debug|Any CPU.Build.0 = Debug|Any CPU
		{6148812F-90EC-4B12-8E84-E8BF0FF33480}.Release|Any CPU.ActiveCfg = Release|Any CPU
		{6148812F-90EC-4B12-8E84-E8BF0FF33480}.Release|Any CPU.Build.0 = Release|Any CPU
	EndGlobalSection
	GlobalSection(SolutionProperties) = preSolution
		HideSolutionNode = FALSE
	EndGlobalSection
	GlobalSection(ExtensibilityGlobals) = postSolution
		SolutionGuid = {7810ED0B-3DB8-46B0-8CD0-B89E282CD2C6}
	EndGlobalSection
EndGlobal
